
Microsoft Visual Studio Solution File, Format Version 12.00
# Visual Studio Version 16
VisualStudioVersion = 16.0.32106.194
MinimumVisualStudioVersion = 10.0.40219.1
Project("{9A19103F-16F7-4668-BE54-9A1E7A4F7556}") = "HandIn3Microwave", "HandIn3Microwave\HandIn3Microwave.csproj", "{3EAD0CE8-870F-4E46-9403-63FDFB2E99FA}"
	ProjectSection(ProjectDependencies) = postProject
		{21647FFE-2170-45C3-BC8D-C19FF6176768} = {21647FFE-2170-45C3-BC8D-C19FF6176768}
	EndProjectSection
EndProject
Project("{9A19103F-16F7-4668-BE54-9A1E7A4F7556}") = "Microwave.Classes", "Microwave.Classes\Microwave.Classes.csproj", "{21647FFE-2170-45C3-BC8D-C19FF6176768}"
EndProject
Project("{9A19103F-16F7-4668-BE54-9A1E7A4F7556}") = "Microwave.Test.Unit", "Microwave.Test.Unit\Microwave.Test.Unit.csproj", "{A36E542F-299C-4B52-83DA-76CE58871A18}"
EndProject
Global
	GlobalSection(SolutionConfigurationPlatforms) = preSolution
		Debug|Any CPU = Debug|Any CPU
		Release|Any CPU = Release|Any CPU
	EndGlobalSection
	GlobalSection(ProjectConfigurationPlatforms) = postSolution
		{3EAD0CE8-870F-4E46-9403-63FDFB2E99FA}.Debug|Any CPU.ActiveCfg = Debug|Any CPU
		{3EAD0CE8-870F-4E46-9403-63FDFB2E99FA}.Debug|Any CPU.Build.0 = Debug|Any CPU
		{3EAD0CE8-870F-4E46-9403-63FDFB2E99FA}.Release|Any CPU.ActiveCfg = Release|Any CPU
		{3EAD0CE8-870F-4E46-9403-63FDFB2E99FA}.Release|Any CPU.Build.0 = Release|Any CPU
		{21647FFE-2170-45C3-BC8D-C19FF6176768}.Debug|Any CPU.ActiveCfg = Debug|Any CPU
		{21647FFE-2170-45C3-BC8D-C19FF6176768}.Debug|Any CPU.Build.0 = Debug|Any CPU
		{21647FFE-2170-45C3-BC8D-C19FF6176768}.Release|Any CPU.ActiveCfg = Release|Any CPU
		{21647FFE-2170-45C3-BC8D-C19FF6176768}.Release|Any CPU.Build.0 = Release|Any CPU
		{A36E542F-299C-4B52-83DA-76CE58871A18}.Debug|Any CPU.ActiveCfg = Debug|Any CPU
		{A36E542F-299C-4B52-83DA-76CE58871A18}.Debug|Any CPU.Build.0 = Debug|Any CPU
		{A36E542F-299C-4B52-83DA-76CE58871A18}.Release|Any CPU.ActiveCfg = Release|Any CPU
		{A36E542F-299C-4B52-83DA-76CE58871A18}.Release|Any CPU.Build.0 = Release|Any CPU
	EndGlobalSection
	GlobalSection(SolutionProperties) = preSolution
		HideSolutionNode = FALSE
	EndGlobalSection
	GlobalSection(ExtensibilityGlobals) = postSolution
		SolutionGuid = {3D261FF3-965D-422D-8C58-8EE4B414BB0A}
	EndGlobalSection
EndGlobal
